
Microsoft Visual Studio Solution File, Format Version 12.00
# Visual Studio Version 17
VisualStudioVersion = 17.11.35327.3
MinimumVisualStudioVersion = 10.0.40219.1
Project("{FAE04EC0-301F-11D3-BF4B-00C04F79EFBC}") = "FootballManagement.WebApi", "FootballManagement.WebApı\FootballManagement.WebApi.csproj", "{61E6DB7D-A819-4912-9FD0-E7844CE7EDE9}"
EndProject
Global
	GlobalSection(SolutionConfigurationPlatforms) = preSolution
		Debug|Any CPU = Debug|Any CPU
		Release|Any CPU = Release|Any CPU
	EndGlobalSection
	GlobalSection(ProjectConfigurationPlatforms) = postSolution
		{61E6DB7D-A819-4912-9FD0-E7844CE7EDE9}.Debug|Any CPU.ActiveCfg = Debug|Any CPU
		{61E6DB7D-A819-4912-9FD0-E7844CE7EDE9}.Debug|Any CPU.Build.0 = Debug|Any CPU
		{61E6DB7D-A819-4912-9FD0-E7844CE7EDE9}.Release|Any CPU.ActiveCfg = Release|Any CPU
		{61E6DB7D-A819-4912-9FD0-E7844CE7EDE9}.Release|Any CPU.Build.0 = Release|Any CPU
	EndGlobalSection
	GlobalSection(SolutionProperties) = preSolution
		HideSolutionNode = FALSE
	EndGlobalSection
	GlobalSection(ExtensibilityGlobals) = postSolution
		SolutionGuid = {A87F5CBD-FED9-4520-9B8C-E3604AB9B8AA}
	EndGlobalSection
EndGlobal
